// !$*UTF8*$!
{
	archiveVersion = 1;
	classes = {
	};
	objectVersion = 77;
	objects = {

/* Begin PBXBuildFile section */
		717AA1662E34A241008708C7 /* web3swift in Frameworks */ = {isa = PBXBuildFile; productRef = 717AA1652E34A241008708C7 /* web3swift */; };
		717AA1692E34A264008708C7 /* BigInt in Frameworks */ = {isa = PBXBuildFile; productRef = 717AA1682E34A264008708C7 /* BigInt */; };
		717AA16C2E34A277008708C7 /* CryptoSwift in Frameworks */ = {isa = PBXBuildFile; productRef = 717AA16B2E34A277008708C7 /* CryptoSwift */; };
		717AA2562E3621CB008708C7 /* WidgetKit.framework in Frameworks */ = {isa = PBXBuildFile; fileRef = 717AA2552E3621CB008708C7 /* WidgetKit.framework */; };
		717AA2582E3621CB008708C7 /* SwiftUI.framework in Frameworks */ = {isa = PBXBuildFile; fileRef = 717AA2572E3621CB008708C7 /* SwiftUI.framework */; };
		717AA2692E3621CD008708C7 /* 1LimitWidgetExtension.appex in Embed Foundation Extensions */ = {isa = PBXBuildFile; fileRef = 717AA2532E3621CB008708C7 /* 1LimitWidgetExtension.appex */; settings = {ATTRIBUTES = (RemoveHeadersOnCopy, ); }; };
/* End PBXBuildFile section */

/* Begin PBXContainerItemProxy section */
		717AA1B02E356D99008708C7 /* PBXContainerItemProxy */ = {
			isa = PBXContainerItemProxy;
			containerPortal = 717AA1402E347F26008708C7 /* Project object */;
			proxyType = 1;
			remoteGlobalIDString = 717AA1472E347F26008708C7;
			remoteInfo = 1Limit;
		};
		717AA1CD2E357A81008708C7 /* PBXContainerItemProxy */ = {
			isa = PBXContainerItemProxy;
			containerPortal = 717AA1402E347F26008708C7 /* Project object */;
			proxyType = 1;
			remoteGlobalIDString = 717AA1472E347F26008708C7;
			remoteInfo = 1Limit;
		};
		717AA2672E3621CD008708C7 /* PBXContainerItemProxy */ = {
			isa = PBXContainerItemProxy;
			containerPortal = 717AA1402E347F26008708C7 /* Project object */;
			proxyType = 1;
			remoteGlobalIDString = 717AA2522E3621CB008708C7;
			remoteInfo = 1LimitWidgetExtension;
		};
/* End PBXContainerItemProxy section */

/* Begin PBXCopyFilesBuildPhase section */
		717AA26E2E3621CD008708C7 /* Embed Foundation Extensions */ = {
			isa = PBXCopyFilesBuildPhase;
			buildActionMask = 2147483647;
			dstPath = "";
			dstSubfolderSpec = 13;
			files = (
				717AA2692E3621CD008708C7 /* 1LimitWidgetExtension.appex in Embed Foundation Extensions */,
			);
			name = "Embed Foundation Extensions";
			runOnlyForDeploymentPostprocessing = 0;
		};
/* End PBXCopyFilesBuildPhase section */

/* Begin PBXFileReference section */
		717AA1482E347F26008708C7 /* 1Limit.app */ = {isa = PBXFileReference; explicitFileType = wrapper.application; includeInIndex = 0; path = 1Limit.app; sourceTree = BUILT_PRODUCTS_DIR; };
		717AA1AC2E356D99008708C7 /* 1LimitTests.xctest */ = {isa = PBXFileReference; explicitFileType = wrapper.cfbundle; includeInIndex = 0; path = 1LimitTests.xctest; sourceTree = BUILT_PRODUCTS_DIR; };
		717AA1C72E357A81008708C7 /* 1LimitUITests.xctest */ = {isa = PBXFileReference; explicitFileType = wrapper.cfbundle; includeInIndex = 0; path = 1LimitUITests.xctest; sourceTree = BUILT_PRODUCTS_DIR; };
		717AA2532E3621CB008708C7 /* 1LimitWidgetExtension.appex */ = {isa = PBXFileReference; explicitFileType = "wrapper.app-extension"; includeInIndex = 0; path = 1LimitWidgetExtension.appex; sourceTree = BUILT_PRODUCTS_DIR; };
		717AA2552E3621CB008708C7 /* WidgetKit.framework */ = {isa = PBXFileReference; lastKnownFileType = wrapper.framework; name = WidgetKit.framework; path = System/Library/Frameworks/WidgetKit.framework; sourceTree = SDKROOT; };
		717AA2572E3621CB008708C7 /* SwiftUI.framework */ = {isa = PBXFileReference; lastKnownFileType = wrapper.framework; name = SwiftUI.framework; path = System/Library/Frameworks/SwiftUI.framework; sourceTree = SDKROOT; };
		717AA2762E3623BD008708C7 /* 1LimitWidgetExtension.entitlements */ = {isa = PBXFileReference; lastKnownFileType = text.plist.entitlements; path = 1LimitWidgetExtension.entitlements; sourceTree = "<group>"; };
/* End PBXFileReference section */

/* Begin PBXFileSystemSynchronizedBuildFileExceptionSet section */
		717AA26A2E3621CD008708C7 /* Exceptions for "1LimitWidget" folder in "1LimitWidgetExtension" target */ = {
			isa = PBXFileSystemSynchronizedBuildFileExceptionSet;
			membershipExceptions = (
				Info.plist,
			);
			target = 717AA2522E3621CB008708C7 /* 1LimitWidgetExtension */;
		};
/* End PBXFileSystemSynchronizedBuildFileExceptionSet section */

/* Begin PBXFileSystemSynchronizedRootGroup section */
		717AA14A2E347F26008708C7 /* 1Limit */ = {
			isa = PBXFileSystemSynchronizedRootGroup;
			path = 1Limit;
			sourceTree = "<group>";
		};
		717AA1AD2E356D99008708C7 /* 1LimitTests */ = {
			isa = PBXFileSystemSynchronizedRootGroup;
			path = 1LimitTests;
			sourceTree = "<group>";
		};
		717AA1C82E357A81008708C7 /* 1LimitUITests */ = {
			isa = PBXFileSystemSynchronizedRootGroup;
			path = 1LimitUITests;
			sourceTree = "<group>";
		};
		717AA2592E3621CB008708C7 /* 1LimitWidget */ = {
			isa = PBXFileSystemSynchronizedRootGroup;
			exceptions = (
				717AA26A2E3621CD008708C7 /* Exceptions for "1LimitWidget" folder in "1LimitWidgetExtension" target */,
			);
			path = 1LimitWidget;
			sourceTree = "<group>";
		};
/* End PBXFileSystemSynchronizedRootGroup section */

/* Begin PBXFrameworksBuildPhase section */
		717AA1452E347F26008708C7 /* Frameworks */ = {
			isa = PBXFrameworksBuildPhase;
			buildActionMask = 2147483647;
			files = (
				717AA1662E34A241008708C7 /* web3swift in Frameworks */,
				717AA1692E34A264008708C7 /* BigInt in Frameworks */,
				717AA16C2E34A277008708C7 /* CryptoSwift in Frameworks */,
			);
			runOnlyForDeploymentPostprocessing = 0;
		};
		717AA1A92E356D99008708C7 /* Frameworks */ = {
			isa = PBXFrameworksBuildPhase;
			buildActionMask = 2147483647;
			files = (
			);
			runOnlyForDeploymentPostprocessing = 0;
		};
		717AA1C42E357A81008708C7 /* Frameworks */ = {
			isa = PBXFrameworksBuildPhase;
			buildActionMask = 2147483647;
			files = (
			);
			runOnlyForDeploymentPostprocessing = 0;
		};
		717AA2502E3621CB008708C7 /* Frameworks */ = {
			isa = PBXFrameworksBuildPhase;
			buildActionMask = 2147483647;
			files = (
				717AA2582E3621CB008708C7 /* SwiftUI.framework in Frameworks */,
				717AA2562E3621CB008708C7 /* WidgetKit.framework in Frameworks */,
			);
			runOnlyForDeploymentPostprocessing = 0;
		};
/* End PBXFrameworksBuildPhase section */

/* Begin PBXGroup section */
		717AA13F2E347F26008708C7 = {
			isa = PBXGroup;
			children = (
				717AA2762E3623BD008708C7 /* 1LimitWidgetExtension.entitlements */,
				717AA14A2E347F26008708C7 /* 1Limit */,
				717AA1AD2E356D99008708C7 /* 1LimitTests */,
				717AA1C82E357A81008708C7 /* 1LimitUITests */,
				717AA2592E3621CB008708C7 /* 1LimitWidget */,
				717AA2542E3621CB008708C7 /* Frameworks */,
				717AA1492E347F26008708C7 /* Products */,
			);
			sourceTree = "<group>";
		};
		717AA1492E347F26008708C7 /* Products */ = {
			isa = PBXGroup;
			children = (
				717AA1482E347F26008708C7 /* 1Limit.app */,
				717AA1AC2E356D99008708C7 /* 1LimitTests.xctest */,
				717AA1C72E357A81008708C7 /* 1LimitUITests.xctest */,
				717AA2532E3621CB008708C7 /* 1LimitWidgetExtension.appex */,
			);
			name = Products;
			sourceTree = "<group>";
		};
		717AA2542E3621CB008708C7 /* Frameworks */ = {
			isa = PBXGroup;
			children = (
				717AA2552E3621CB008708C7 /* WidgetKit.framework */,
				717AA2572E3621CB008708C7 /* SwiftUI.framework */,
			);
			name = Frameworks;
			sourceTree = "<group>";
		};
/* End PBXGroup section */

/* Begin PBXNativeTarget section */
		717AA1472E347F26008708C7 /* 1Limit */ = {
			isa = PBXNativeTarget;
			buildConfigurationList = 717AA1532E347F28008708C7 /* Build configuration list for PBXNativeTarget "1Limit" */;
			buildPhases = (
				717AA1442E347F26008708C7 /* Sources */,
				717AA1452E347F26008708C7 /* Frameworks */,
				717AA1462E347F26008708C7 /* Resources */,
				717AA26E2E3621CD008708C7 /* Embed Foundation Extensions */,
			);
			buildRules = (
			);
			dependencies = (
				717AA2682E3621CD008708C7 /* PBXTargetDependency */,
			);
			fileSystemSynchronizedGroups = (
				717AA14A2E347F26008708C7 /* 1Limit */,
			);
			name = 1Limit;
			packageProductDependencies = (
				717AA1652E34A241008708C7 /* web3swift */,
				717AA1682E34A264008708C7 /* BigInt */,
				717AA16B2E34A277008708C7 /* CryptoSwift */,
			);
			productName = 1Limit;
			productReference = 717AA1482E347F26008708C7 /* 1Limit.app */;
			productType = "com.apple.product-type.application";
		};
		717AA1AB2E356D99008708C7 /* 1LimitTests */ = {
			isa = PBXNativeTarget;
			buildConfigurationList = 717AA1B22E356D99008708C7 /* Build configuration list for PBXNativeTarget "1LimitTests" */;
			buildPhases = (
				717AA1A82E356D99008708C7 /* Sources */,
				717AA1A92E356D99008708C7 /* Frameworks */,
				717AA1AA2E356D99008708C7 /* Resources */,
			);
			buildRules = (
			);
			dependencies = (
				717AA1B12E356D99008708C7 /* PBXTargetDependency */,
			);
			fileSystemSynchronizedGroups = (
				717AA1AD2E356D99008708C7 /* 1LimitTests */,
			);
			name = 1LimitTests;
			packageProductDependencies = (
			);
			productName = 1LimitTests;
			productReference = 717AA1AC2E356D99008708C7 /* 1LimitTests.xctest */;
			productType = "com.apple.product-type.bundle.unit-test";
		};
		717AA1C62E357A81008708C7 /* 1LimitUITests */ = {
			isa = PBXNativeTarget;
			buildConfigurationList = 717AA1CF2E357A81008708C7 /* Build configuration list for PBXNativeTarget "1LimitUITests" */;
			buildPhases = (
				717AA1C32E357A81008708C7 /* Sources */,
				717AA1C42E357A81008708C7 /* Frameworks */,
				717AA1C52E357A81008708C7 /* Resources */,
			);
			buildRules = (
			);
			dependencies = (
				717AA1CE2E357A81008708C7 /* PBXTargetDependency */,
			);
			fileSystemSynchronizedGroups = (
				717AA1C82E357A81008708C7 /* 1LimitUITests */,
			);
			name = 1LimitUITests;
			packageProductDependencies = (
			);
			productName = 1LimitUITests;
			productReference = 717AA1C72E357A81008708C7 /* 1LimitUITests.xctest */;
			productType = "com.apple.product-type.bundle.ui-testing";
		};
		717AA2522E3621CB008708C7 /* 1LimitWidgetExtension */ = {
			isa = PBXNativeTarget;
			buildConfigurationList = 717AA26B2E3621CD008708C7 /* Build configuration list for PBXNativeTarget "1LimitWidgetExtension" */;
			buildPhases = (
				717AA24F2E3621CB008708C7 /* Sources */,
				717AA2502E3621CB008708C7 /* Frameworks */,
				717AA2512E3621CB008708C7 /* Resources */,
			);
			buildRules = (
			);
			dependencies = (
			);
			fileSystemSynchronizedGroups = (
				717AA2592E3621CB008708C7 /* 1LimitWidget */,
			);
			name = 1LimitWidgetExtension;
			packageProductDependencies = (
			);
			productName = 1LimitWidgetExtension;
			productReference = 717AA2532E3621CB008708C7 /* 1LimitWidgetExtension.appex */;
			productType = "com.apple.product-type.app-extension";
		};
/* End PBXNativeTarget section */

/* Begin PBXProject section */
		717AA1402E347F26008708C7 /* Project object */ = {
			isa = PBXProject;
			attributes = {
				BuildIndependentTargetsInParallel = 1;
				LastSwiftUpdateCheck = 1640;
				LastUpgradeCheck = 1640;
				TargetAttributes = {
					717AA1472E347F26008708C7 = {
						CreatedOnToolsVersion = 16.4;
					};
					717AA1AB2E356D99008708C7 = {
						CreatedOnToolsVersion = 16.4;
						TestTargetID = 717AA1472E347F26008708C7;
					};
					717AA1C62E357A81008708C7 = {
						CreatedOnToolsVersion = 16.4;
						TestTargetID = 717AA1472E347F26008708C7;
					};
					717AA2522E3621CB008708C7 = {
						CreatedOnToolsVersion = 16.4;
					};
				};
			};
			buildConfigurationList = 717AA1432E347F26008708C7 /* Build configuration list for PBXProject "1Limit" */;
			developmentRegion = en;
			hasScannedForEncodings = 0;
			knownRegions = (
				en,
				Base,
			);
			mainGroup = 717AA13F2E347F26008708C7;
			minimizedProjectReferenceProxies = 1;
			packageReferences = (
				717AA1642E34A241008708C7 /* XCRemoteSwiftPackageReference "web3swift" */,
				717AA1672E34A264008708C7 /* XCRemoteSwiftPackageReference "BigInt" */,
				717AA16A2E34A277008708C7 /* XCRemoteSwiftPackageReference "CryptoSwift" */,
			);
			preferredProjectObjectVersion = 77;
			productRefGroup = 717AA1492E347F26008708C7 /* Products */;
			projectDirPath = "";
			projectRoot = "";
			targets = (
				717AA1472E347F26008708C7 /* 1Limit */,
				717AA1AB2E356D99008708C7 /* 1LimitTests */,
				717AA1C62E357A81008708C7 /* 1LimitUITests */,
				717AA2522E3621CB008708C7 /* 1LimitWidgetExtension */,
			);
		};
/* End PBXProject section */

/* Begin PBXResourcesBuildPhase section */
		717AA1462E347F26008708C7 /* Resources */ = {
			isa = PBXResourcesBuildPhase;
			buildActionMask = 2147483647;
			files = (
			);
			runOnlyForDeploymentPostprocessing = 0;
		};
		717AA1AA2E356D99008708C7 /* Resources */ = {
			isa = PBXResourcesBuildPhase;
			buildActionMask = 2147483647;
			files = (
			);
			runOnlyForDeploymentPostprocessing = 0;
		};
		717AA1C52E357A81008708C7 /* Resources */ = {
			isa = PBXResourcesBuildPhase;
			buildActionMask = 2147483647;
			files = (
			);
			runOnlyForDeploymentPostprocessing = 0;
		};
		717AA2512E3621CB008708C7 /* Resources */ = {
			isa = PBXResourcesBuildPhase;
			buildActionMask = 2147483647;
			files = (
			);
			runOnlyForDeploymentPostprocessing = 0;
		};
/* End PBXResourcesBuildPhase section */

/* Begin PBXSourcesBuildPhase section */
		717AA1442E347F26008708C7 /* Sources */ = {
			isa = PBXSourcesBuildPhase;
			buildActionMask = 2147483647;
			files = (
			);
			runOnlyForDeploymentPostprocessing = 0;
		};
		717AA1A82E356D99008708C7 /* Sources */ = {
			isa = PBXSourcesBuildPhase;
			buildActionMask = 2147483647;
			files = (
			);
			runOnlyForDeploymentPostprocessing = 0;
		};
		717AA1C32E357A81008708C7 /* Sources */ = {
			isa = PBXSourcesBuildPhase;
			buildActionMask = 2147483647;
			files = (
			);
			runOnlyForDeploymentPostprocessing = 0;
		};
		717AA24F2E3621CB008708C7 /* Sources */ = {
			isa = PBXSourcesBuildPhase;
			buildActionMask = 2147483647;
			files = (
			);
			runOnlyForDeploymentPostprocessing = 0;
		};
/* End PBXSourcesBuildPhase section */

/* Begin PBXTargetDependency section */
		717AA1B12E356D99008708C7 /* PBXTargetDependency */ = {
			isa = PBXTargetDependency;
			target = 717AA1472E347F26008708C7 /* 1Limit */;
			targetProxy = 717AA1B02E356D99008708C7 /* PBXContainerItemProxy */;
		};
		717AA1CE2E357A81008708C7 /* PBXTargetDependency */ = {
			isa = PBXTargetDependency;
			target = 717AA1472E347F26008708C7 /* 1Limit */;
			targetProxy = 717AA1CD2E357A81008708C7 /* PBXContainerItemProxy */;
		};
		717AA2682E3621CD008708C7 /* PBXTargetDependency */ = {
			isa = PBXTargetDependency;
			target = 717AA2522E3621CB008708C7 /* 1LimitWidgetExtension */;
			targetProxy = 717AA2672E3621CD008708C7 /* PBXContainerItemProxy */;
		};
/* End PBXTargetDependency section */

/* Begin XCBuildConfiguration section */
		717AA1512E347F28008708C7 /* Debug */ = {
			isa = XCBuildConfiguration;
			buildSettings = {
				ALWAYS_SEARCH_USER_PATHS = NO;
				ASSETCATALOG_COMPILER_GENERATE_SWIFT_ASSET_SYMBOL_EXTENSIONS = YES;
				CLANG_ANALYZER_NONNULL = YES;
				CLANG_ANALYZER_NUMBER_OBJECT_CONVERSION = YES_AGGRESSIVE;
				CLANG_CXX_LANGUAGE_STANDARD = "gnu++20";
				CLANG_ENABLE_MODULES = YES;
				CLANG_ENABLE_OBJC_ARC = YES;
				CLANG_ENABLE_OBJC_WEAK = YES;
				CLANG_WARN_BLOCK_CAPTURE_AUTORELEASING = YES;
				CLANG_WARN_BOOL_CONVERSION = YES;
				CLANG_WARN_COMMA = YES;
				CLANG_WARN_CONSTANT_CONVERSION = YES;
				CLANG_WARN_DEPRECATED_OBJC_IMPLEMENTATIONS = YES;
				CLANG_WARN_DIRECT_OBJC_ISA_USAGE = YES_ERROR;
				CLANG_WARN_DOCUMENTATION_COMMENTS = YES;
				CLANG_WARN_EMPTY_BODY = YES;
				CLANG_WARN_ENUM_CONVERSION = YES;
				CLANG_WARN_INFINITE_RECURSION = YES;
				CLANG_WARN_INT_CONVERSION = YES;
				CLANG_WARN_NON_LITERAL_NULL_CONVERSION = YES;
				CLANG_WARN_OBJC_IMPLICIT_RETAIN_SELF = YES;
				CLANG_WARN_OBJC_LITERAL_CONVERSION = YES;
				CLANG_WARN_OBJC_ROOT_CLASS = YES_ERROR;
				CLANG_WARN_QUOTED_INCLUDE_IN_FRAMEWORK_HEADER = YES;
				CLANG_WARN_RANGE_LOOP_ANALYSIS = YES;
				CLANG_WARN_STRICT_PROTOTYPES = YES;
				CLANG_WARN_SUSPICIOUS_MOVE = YES;
				CLANG_WARN_UNGUARDED_AVAILABILITY = YES_AGGRESSIVE;
				CLANG_WARN_UNREACHABLE_CODE = YES;
				CLANG_WARN__DUPLICATE_METHOD_MATCH = YES;
				COPY_PHASE_STRIP = NO;
				DEBUG_INFORMATION_FORMAT = dwarf;
				DEVELOPMENT_TEAM = BSRZC34ZZ3;
				ENABLE_STRICT_OBJC_MSGSEND = YES;
				ENABLE_TESTABILITY = YES;
				ENABLE_USER_SCRIPT_SANDBOXING = YES;
				GCC_C_LANGUAGE_STANDARD = gnu17;
				GCC_DYNAMIC_NO_PIC = NO;
				GCC_NO_COMMON_BLOCKS = YES;
				GCC_OPTIMIZATION_LEVEL = 0;
				GCC_PREPROCESSOR_DEFINITIONS = (
					"DEBUG=1",
					"$(inherited)",
				);
				GCC_WARN_64_TO_32_BIT_CONVERSION = YES;
				GCC_WARN_ABOUT_RETURN_TYPE = YES_ERROR;
				GCC_WARN_UNDECLARED_SELECTOR = YES;
				GCC_WARN_UNINITIALIZED_AUTOS = YES_AGGRESSIVE;
				GCC_WARN_UNUSED_FUNCTION = YES;
				GCC_WARN_UNUSED_VARIABLE = YES;
				IPHONEOS_DEPLOYMENT_TARGET = 18.5;
				LOCALIZATION_PREFERS_STRING_CATALOGS = YES;
				MTL_ENABLE_DEBUG_INFO = INCLUDE_SOURCE;
				MTL_FAST_MATH = YES;
				ONLY_ACTIVE_ARCH = YES;
				SDKROOT = iphoneos;
				SWIFT_ACTIVE_COMPILATION_CONDITIONS = "DEBUG $(inherited)";
				SWIFT_OPTIMIZATION_LEVEL = "-Onone";
			};
			name = Debug;
		};
		717AA1522E347F28008708C7 /* Release */ = {
			isa = XCBuildConfiguration;
			buildSettings = {
				ALWAYS_SEARCH_USER_PATHS = NO;
				ASSETCATALOG_COMPILER_GENERATE_SWIFT_ASSET_SYMBOL_EXTENSIONS = YES;
				CLANG_ANALYZER_NONNULL = YES;
				CLANG_ANALYZER_NUMBER_OBJECT_CONVERSION = YES_AGGRESSIVE;
				CLANG_CXX_LANGUAGE_STANDARD = "gnu++20";
				CLANG_ENABLE_MODULES = YES;
				CLANG_ENABLE_OBJC_ARC = YES;
				CLANG_ENABLE_OBJC_WEAK = YES;
				CLANG_WARN_BLOCK_CAPTURE_AUTORELEASING = YES;
				CLANG_WARN_BOOL_CONVERSION = YES;
				CLANG_WARN_COMMA = YES;
				CLANG_WARN_CONSTANT_CONVERSION = YES;
				CLANG_WARN_DEPRECATED_OBJC_IMPLEMENTATIONS = YES;
				CLANG_WARN_DIRECT_OBJC_ISA_USAGE = YES_ERROR;
				CLANG_WARN_DOCUMENTATION_COMMENTS = YES;
				CLANG_WARN_EMPTY_BODY = YES;
				CLANG_WARN_ENUM_CONVERSION = YES;
				CLANG_WARN_INFINITE_RECURSION = YES;
				CLANG_WARN_INT_CONVERSION = YES;
				CLANG_WARN_NON_LITERAL_NULL_CONVERSION = YES;
				CLANG_WARN_OBJC_IMPLICIT_RETAIN_SELF = YES;
				CLANG_WARN_OBJC_LITERAL_CONVERSION = YES;
				CLANG_WARN_OBJC_ROOT_CLASS = YES_ERROR;
				CLANG_WARN_QUOTED_INCLUDE_IN_FRAMEWORK_HEADER = YES;
				CLANG_WARN_RANGE_LOOP_ANALYSIS = YES;
				CLANG_WARN_STRICT_PROTOTYPES = YES;
				CLANG_WARN_SUSPICIOUS_MOVE = YES;
				CLANG_WARN_UNGUARDED_AVAILABILITY = YES_AGGRESSIVE;
				CLANG_WARN_UNREACHABLE_CODE = YES;
				CLANG_WARN__DUPLICATE_METHOD_MATCH = YES;
				COPY_PHASE_STRIP = NO;
				DEBUG_INFORMATION_FORMAT = "dwarf-with-dsym";
				DEVELOPMENT_TEAM = BSRZC34ZZ3;
				ENABLE_NS_ASSERTIONS = NO;
				ENABLE_STRICT_OBJC_MSGSEND = YES;
				ENABLE_USER_SCRIPT_SANDBOXING = YES;
				GCC_C_LANGUAGE_STANDARD = gnu17;
				GCC_NO_COMMON_BLOCKS = YES;
				GCC_WARN_64_TO_32_BIT_CONVERSION = YES;
				GCC_WARN_ABOUT_RETURN_TYPE = YES_ERROR;
				GCC_WARN_UNDECLARED_SELECTOR = YES;
				GCC_WARN_UNINITIALIZED_AUTOS = YES_AGGRESSIVE;
				GCC_WARN_UNUSED_FUNCTION = YES;
				GCC_WARN_UNUSED_VARIABLE = YES;
				IPHONEOS_DEPLOYMENT_TARGET = 18.5;
				LOCALIZATION_PREFERS_STRING_CATALOGS = YES;
				MTL_ENABLE_DEBUG_INFO = NO;
				MTL_FAST_MATH = YES;
				ONLY_ACTIVE_ARCH = YES;
				SDKROOT = iphoneos;
				SWIFT_COMPILATION_MODE = wholemodule;
				VALIDATE_PRODUCT = YES;
			};
			name = Release;
		};
		717AA1542E347F28008708C7 /* Debug */ = {
			isa = XCBuildConfiguration;
			buildSettings = {
				ASSETCATALOG_COMPILER_APPICON_NAME = AppIcon;
				ASSETCATALOG_COMPILER_GLOBAL_ACCENT_COLOR_NAME = AccentColor;
				CODE_SIGN_ENTITLEMENTS = 1Limit/1Limit.entitlements;
				CODE_SIGN_STYLE = Automatic;
				CURRENT_PROJECT_VERSION = 1;
				DEVELOPMENT_TEAM = BSRZC34ZZ3;
				ENABLE_PREVIEWS = YES;
				GENERATE_INFOPLIST_FILE = YES;
				INFOPLIST_KEY_CFBundleDisplayName = 1Limit;
				INFOPLIST_KEY_LSApplicationCategoryType = "public.app-category.utilities";
				INFOPLIST_KEY_UIApplicationSceneManifest_Generation = YES;
				INFOPLIST_KEY_UIApplicationSupportsIndirectInputEvents = YES;
				INFOPLIST_KEY_UILaunchScreen_Generation = YES;
				INFOPLIST_KEY_UIStatusBarStyle = UIStatusBarStyleDarkContent;
				INFOPLIST_KEY_UISupportedInterfaceOrientations = UIInterfaceOrientationPortrait;
				INFOPLIST_KEY_UISupportedInterfaceOrientations_iPad = "UIInterfaceOrientationLandscapeLeft UIInterfaceOrientationLandscapeRight UIInterfaceOrientationPortrait UIInterfaceOrientationPortraitUpsideDown";
				IPHONEOS_DEPLOYMENT_TARGET = 18.0;
				LD_RUNPATH_SEARCH_PATHS = (
					"$(inherited)",
					"@executable_path/Frameworks",
				);
				MARKETING_VERSION = 1.0;
				PRODUCT_BUNDLE_IDENTIFIER = "com.makevoid.-Limit";
				PRODUCT_NAME = "$(TARGET_NAME)";
				SUPPORTED_PLATFORMS = "iphoneos iphonesimulator";
				SUPPORTS_MACCATALYST = NO;
				SUPPORTS_MAC_DESIGNED_FOR_IPHONE_IPAD = NO;
				SUPPORTS_XR_DESIGNED_FOR_IPHONE_IPAD = NO;
				SWIFT_EMIT_LOC_STRINGS = YES;
				SWIFT_VERSION = 5.0;
				TARGETED_DEVICE_FAMILY = 1;
			};
			name = Debug;
		};
		717AA1552E347F28008708C7 /* Release */ = {
			isa = XCBuildConfiguration;
			buildSettings = {
				ASSETCATALOG_COMPILER_APPICON_NAME = AppIcon;
				ASSETCATALOG_COMPILER_GLOBAL_ACCENT_COLOR_NAME = AccentColor;
				CODE_SIGN_ENTITLEMENTS = 1Limit/1Limit.entitlements;
				CODE_SIGN_STYLE = Automatic;
				CURRENT_PROJECT_VERSION = 1;
				DEVELOPMENT_TEAM = BSRZC34ZZ3;
				ENABLE_PREVIEWS = YES;
				GENERATE_INFOPLIST_FILE = YES;
				INFOPLIST_KEY_CFBundleDisplayName = 1Limit;
				INFOPLIST_KEY_LSApplicationCategoryType = "public.app-category.utilities";
				INFOPLIST_KEY_UIApplicationSceneManifest_Generation = YES;
				INFOPLIST_KEY_UIApplicationSupportsIndirectInputEvents = YES;
				INFOPLIST_KEY_UILaunchScreen_Generation = YES;
				INFOPLIST_KEY_UIStatusBarStyle = UIStatusBarStyleDarkContent;
				INFOPLIST_KEY_UISupportedInterfaceOrientations = UIInterfaceOrientationPortrait;
				INFOPLIST_KEY_UISupportedInterfaceOrientations_iPad = "UIInterfaceOrientationLandscapeLeft UIInterfaceOrientationLandscapeRight UIInterfaceOrientationPortrait UIInterfaceOrientationPortraitUpsideDown";
				IPHONEOS_DEPLOYMENT_TARGET = 18.0;
				LD_RUNPATH_SEARCH_PATHS = (
					"$(inherited)",
					"@executable_path/Frameworks",
				);
				MARKETING_VERSION = 1.0;
				PRODUCT_BUNDLE_IDENTIFIER = "com.makevoid.-Limit";
				PRODUCT_NAME = "$(TARGET_NAME)";
				SUPPORTED_PLATFORMS = "iphoneos iphonesimulator";
				SUPPORTS_MACCATALYST = NO;
				SUPPORTS_MAC_DESIGNED_FOR_IPHONE_IPAD = NO;
				SUPPORTS_XR_DESIGNED_FOR_IPHONE_IPAD = NO;
				SWIFT_EMIT_LOC_STRINGS = YES;
				SWIFT_VERSION = 5.0;
				TARGETED_DEVICE_FAMILY = 1;
			};
			name = Release;
		};
		717AA1B32E356D99008708C7 /* Debug */ = {
			isa = XCBuildConfiguration;
			buildSettings = {
				BUNDLE_LOADER = "$(TEST_HOST)";
				CODE_SIGN_STYLE = Automatic;
				CURRENT_PROJECT_VERSION = 1;
				DEVELOPMENT_TEAM = BSRZC34ZZ3;
				GENERATE_INFOPLIST_FILE = YES;
				MARKETING_VERSION = 1.0;
				PRODUCT_BUNDLE_IDENTIFIER = "com.makevoid.-LimitTests";
				PRODUCT_NAME = "$(TARGET_NAME)";
				SUPPORTED_PLATFORMS = "iphoneos iphonesimulator";
				SUPPORTS_MACCATALYST = NO;
				SUPPORTS_MAC_DESIGNED_FOR_IPHONE_IPAD = NO;
				SUPPORTS_XR_DESIGNED_FOR_IPHONE_IPAD = NO;
				SWIFT_EMIT_LOC_STRINGS = NO;
				SWIFT_VERSION = 5.0;
				TARGETED_DEVICE_FAMILY = 1;
				TEST_HOST = "$(BUILT_PRODUCTS_DIR)/1Limit.app/$(BUNDLE_EXECUTABLE_FOLDER_PATH)/1Limit";
			};
			name = Debug;
		};
		717AA1B42E356D99008708C7 /* Release */ = {
			isa = XCBuildConfiguration;
			buildSettings = {
				BUNDLE_LOADER = "$(TEST_HOST)";
				CODE_SIGN_STYLE = Automatic;
				CURRENT_PROJECT_VERSION = 1;
				DEVELOPMENT_TEAM = BSRZC34ZZ3;
				GENERATE_INFOPLIST_FILE = YES;
				MARKETING_VERSION = 1.0;
				PRODUCT_BUNDLE_IDENTIFIER = "com.makevoid.-LimitTests";
				PRODUCT_NAME = "$(TARGET_NAME)";
				SUPPORTED_PLATFORMS = "iphoneos iphonesimulator";
				SUPPORTS_MACCATALYST = NO;
				SUPPORTS_MAC_DESIGNED_FOR_IPHONE_IPAD = NO;
				SUPPORTS_XR_DESIGNED_FOR_IPHONE_IPAD = NO;
				SWIFT_EMIT_LOC_STRINGS = NO;
				SWIFT_VERSION = 5.0;
				TARGETED_DEVICE_FAMILY = 1;
				TEST_HOST = "$(BUILT_PRODUCTS_DIR)/1Limit.app/$(BUNDLE_EXECUTABLE_FOLDER_PATH)/1Limit";
			};
			name = Release;
		};
		717AA1D02E357A81008708C7 /* Debug */ = {
			isa = XCBuildConfiguration;
			buildSettings = {
				CODE_SIGN_STYLE = Automatic;
				CURRENT_PROJECT_VERSION = 1;
				DEVELOPMENT_TEAM = BSRZC34ZZ3;
				GENERATE_INFOPLIST_FILE = YES;
				MARKETING_VERSION = 1.0;
				PRODUCT_BUNDLE_IDENTIFIER = "com.makevoid.-LimitUITests";
				PRODUCT_NAME = "$(TARGET_NAME)";
				SUPPORTED_PLATFORMS = "iphoneos iphonesimulator";
				SUPPORTS_MACCATALYST = NO;
				SUPPORTS_MAC_DESIGNED_FOR_IPHONE_IPAD = NO;
				SUPPORTS_XR_DESIGNED_FOR_IPHONE_IPAD = NO;
				SWIFT_EMIT_LOC_STRINGS = NO;
				SWIFT_VERSION = 5.0;
				TARGETED_DEVICE_FAMILY = 1;
				TEST_TARGET_NAME = 1Limit;
			};
			name = Debug;
		};
		717AA1D12E357A81008708C7 /* Release */ = {
			isa = XCBuildConfiguration;
			buildSettings = {
				CODE_SIGN_STYLE = Automatic;
				CURRENT_PROJECT_VERSION = 1;
				DEVELOPMENT_TEAM = BSRZC34ZZ3;
				GENERATE_INFOPLIST_FILE = YES;
				MARKETING_VERSION = 1.0;
				PRODUCT_BUNDLE_IDENTIFIER = "com.makevoid.-LimitUITests";
				PRODUCT_NAME = "$(TARGET_NAME)";
				SUPPORTED_PLATFORMS = "iphoneos iphonesimulator";
				SUPPORTS_MACCATALYST = NO;
				SUPPORTS_MAC_DESIGNED_FOR_IPHONE_IPAD = NO;
				SUPPORTS_XR_DESIGNED_FOR_IPHONE_IPAD = NO;
				SWIFT_EMIT_LOC_STRINGS = NO;
				SWIFT_VERSION = 5.0;
				TARGETED_DEVICE_FAMILY = 1;
				TEST_TARGET_NAME = 1Limit;
			};
			name = Release;
		};
		717AA26C2E3621CD008708C7 /* Debug */ = {
			isa = XCBuildConfiguration;
			buildSettings = {
				ASSETCATALOG_COMPILER_GLOBAL_ACCENT_COLOR_NAME = AccentColor;
				ASSETCATALOG_COMPILER_WIDGET_BACKGROUND_COLOR_NAME = WidgetBackground;
				CODE_SIGN_ENTITLEMENTS = 1LimitWidgetExtension.entitlements;
				CODE_SIGN_STYLE = Automatic;
				CURRENT_PROJECT_VERSION = 1;
				DEVELOPMENT_TEAM = BSRZC34ZZ3;
				GENERATE_INFOPLIST_FILE = YES;
				INFOPLIST_FILE = 1LimitWidget/Info.plist;
				INFOPLIST_KEY_CFBundleDisplayName = 1LimitWidget;
				INFOPLIST_KEY_NSHumanReadableCopyright = "";
				LD_RUNPATH_SEARCH_PATHS = (
					"$(inherited)",
					"@executable_path/Frameworks",
					"@executable_path/../../Frameworks",
				);
				MARKETING_VERSION = 1.0;
				PRODUCT_BUNDLE_IDENTIFIER = "com.makevoid.-Limit.-LimitWidget";
				PRODUCT_NAME = "$(TARGET_NAME)";
				SKIP_INSTALL = YES;
				SUPPORTED_PLATFORMS = "iphoneos iphonesimulator";
				SUPPORTS_MACCATALYST = NO;
				SUPPORTS_MAC_DESIGNED_FOR_IPHONE_IPAD = NO;
				SUPPORTS_XR_DESIGNED_FOR_IPHONE_IPAD = NO;
				SWIFT_EMIT_LOC_STRINGS = YES;
				SWIFT_VERSION = 5.0;
				TARGETED_DEVICE_FAMILY = 1;
			};
			name = Debug;
		};
		717AA26D2E3621CD008708C7 /* Release */ = {
			isa = XCBuildConfiguration;
			buildSettings = {
				ASSETCATALOG_COMPILER_GLOBAL_ACCENT_COLOR_NAME = AccentColor;
				ASSETCATALOG_COMPILER_WIDGET_BACKGROUND_COLOR_NAME = WidgetBackground;
				CODE_SIGN_ENTITLEMENTS = 1LimitWidgetExtension.entitlements;
				CODE_SIGN_STYLE = Automatic;
				CURRENT_PROJECT_VERSION = 1;
				DEVELOPMENT_TEAM = BSRZC34ZZ3;
				GENERATE_INFOPLIST_FILE = YES;
				INFOPLIST_FILE = 1LimitWidget/Info.plist;
				INFOPLIST_KEY_CFBundleDisplayName = 1LimitWidget;
				INFOPLIST_KEY_NSHumanReadableCopyright = "";
				LD_RUNPATH_SEARCH_PATHS = (
					"$(inherited)",
					"@executable_path/Frameworks",
					"@executable_path/../../Frameworks",
				);
				MARKETING_VERSION = 1.0;
				PRODUCT_BUNDLE_IDENTIFIER = "com.makevoid.-Limit.-LimitWidget";
				PRODUCT_NAME = "$(TARGET_NAME)";
				SKIP_INSTALL = YES;
				SUPPORTED_PLATFORMS = "iphoneos iphonesimulator";
				SUPPORTS_MACCATALYST = NO;
				SUPPORTS_MAC_DESIGNED_FOR_IPHONE_IPAD = NO;
				SUPPORTS_XR_DESIGNED_FOR_IPHONE_IPAD = NO;
				SWIFT_EMIT_LOC_STRINGS = YES;
				SWIFT_VERSION = 5.0;
				TARGETED_DEVICE_FAMILY = 1;
			};
			name = Release;
		};
/* End XCBuildConfiguration section */

/* Begin XCConfigurationList section */
		717AA1432E347F26008708C7 /* Build configuration list for PBXProject "1Limit" */ = {
			isa = XCConfigurationList;
			buildConfigurations = (
				717AA1512E347F28008708C7 /* Debug */,
				717AA1522E347F28008708C7 /* Release */,
			);
			defaultConfigurationIsVisible = 0;
			defaultConfigurationName = Release;
		};
		717AA1532E347F28008708C7 /* Build configuration list for PBXNativeTarget "1Limit" */ = {
			isa = XCConfigurationList;
			buildConfigurations = (
				717AA1542E347F28008708C7 /* Debug */,
				717AA1552E347F28008708C7 /* Release */,
			);
			defaultConfigurationIsVisible = 0;
			defaultConfigurationName = Release;
		};
		717AA1B22E356D99008708C7 /* Build configuration list for PBXNativeTarget "1LimitTests" */ = {
			isa = XCConfigurationList;
			buildConfigurations = (
				717AA1B32E356D99008708C7 /* Debug */,
				717AA1B42E356D99008708C7 /* Release */,
			);
			defaultConfigurationIsVisible = 0;
			defaultConfigurationName = Release;
		};
		717AA1CF2E357A81008708C7 /* Build configuration list for PBXNativeTarget "1LimitUITests" */ = {
			isa = XCConfigurationList;
			buildConfigurations = (
				717AA1D02E357A81008708C7 /* Debug */,
				717AA1D12E357A81008708C7 /* Release */,
			);
			defaultConfigurationIsVisible = 0;
			defaultConfigurationName = Release;
		};
		717AA26B2E3621CD008708C7 /* Build configuration list for PBXNativeTarget "1LimitWidgetExtension" */ = {
			isa = XCConfigurationList;
			buildConfigurations = (
				717AA26C2E3621CD008708C7 /* Debug */,
				717AA26D2E3621CD008708C7 /* Release */,
			);
			defaultConfigurationIsVisible = 0;
			defaultConfigurationName = Release;
		};
/* End XCConfigurationList section */

/* Begin XCRemoteSwiftPackageReference section */
		717AA1642E34A241008708C7 /* XCRemoteSwiftPackageReference "web3swift" */ = {
			isa = XCRemoteSwiftPackageReference;
			repositoryURL = "https://github.com/skywinder/web3swift";
			requirement = {
				kind = upToNextMajorVersion;
				minimumVersion = 3.3.0;
			};
		};
		717AA1672E34A264008708C7 /* XCRemoteSwiftPackageReference "BigInt" */ = {
			isa = XCRemoteSwiftPackageReference;
			repositoryURL = "https://github.com/attaswift/BigInt";
			requirement = {
				kind = upToNextMajorVersion;
				minimumVersion = 5.1.0;
			};
		};
		717AA16A2E34A277008708C7 /* XCRemoteSwiftPackageReference "CryptoSwift" */ = {
			isa = XCRemoteSwiftPackageReference;
			repositoryURL = "https://github.com/krzyzanowskim/CryptoSwift";
			requirement = {
				kind = upToNextMajorVersion;
				minimumVersion = 1.9.0;
			};
		};
/* End XCRemoteSwiftPackageReference section */

/* Begin XCSwiftPackageProductDependency section */
		717AA1652E34A241008708C7 /* web3swift */ = {
			isa = XCSwiftPackageProductDependency;
			package = 717AA1642E34A241008708C7 /* XCRemoteSwiftPackageReference "web3swift" */;
			productName = web3swift;
		};
		717AA1682E34A264008708C7 /* BigInt */ = {
			isa = XCSwiftPackageProductDependency;
			package = 717AA1672E34A264008708C7 /* XCRemoteSwiftPackageReference "BigInt" */;
			productName = BigInt;
		};
		717AA16B2E34A277008708C7 /* CryptoSwift */ = {
			isa = XCSwiftPackageProductDependency;
			package = 717AA16A2E34A277008708C7 /* XCRemoteSwiftPackageReference "CryptoSwift" */;
			productName = CryptoSwift;
		};
/* End XCSwiftPackageProductDependency section */
	};
	rootObject = 717AA1402E347F26008708C7 /* Project object */;
}
